{
  "originHash" : "18784a76d75b1a50ec11210380317f54cf66ced201c8846689d2514121f5ae8d",
  "pins" : [
    {
      "identity" : "swift-common",
      "kind" : "remoteSourceControl",
      "location" : "https://github.com/jochenbernard/swift-common",
      "state" : {
        "revision" : "f81f1b0f7c43c6daf2538fb6195745f36e6f3fd7",
        "version" : "0.1.0"
      }
    },
    {
      "identity" : "swiftlintplugins",
      "kind" : "remoteSourceControl",
      "location" : "https://github.com/SimplyDanny/SwiftLintPlugins",
      "state" : {
        "revision" : "8545ddf4de043e6f2051c5cf204f39ef778ebf6b",
        "version" : "0.59.1"
      }
    }
  ],
  "version" : 3
}
